// !$*UTF8*$!
{
	archiveVersion = 1;
	classes = {
	};
	objectVersion = 50;
	objects = {

/* Begin PBXBuildFile section */
		0D4E296524266AA40067A980 /* AppDelegate.swift in Sources */ = {isa = PBXBuildFile; fileRef = 0D4E296424266AA40067A980 /* AppDelegate.swift */; };
		0D4E296724266AA40067A980 /* SceneDelegate.swift in Sources */ = {isa = PBXBuildFile; fileRef = 0D4E296624266AA40067A980 /* SceneDelegate.swift */; };
		0D4E296924266AA40067A980 /* LoadingViewController.swift in Sources */ = {isa = PBXBuildFile; fileRef = 0D4E296824266AA40067A980 /* LoadingViewController.swift */; };
		0D4E296C24266AA40067A980 /* Main.storyboard in Resources */ = {isa = PBXBuildFile; fileRef = 0D4E296A24266AA40067A980 /* Main.storyboard */; };
		0D4E296E24266AA60067A980 /* Assets.xcassets in Resources */ = {isa = PBXBuildFile; fileRef = 0D4E296D24266AA60067A980 /* Assets.xcassets */; };
		0D4E297124266AA60067A980 /* LaunchScreen.storyboard in Resources */ = {isa = PBXBuildFile; fileRef = 0D4E296F24266AA60067A980 /* LaunchScreen.storyboard */; };
		0D4E297C24266AA60067A980 /* SFGCircularLoadingIndicatorTests.swift in Sources */ = {isa = PBXBuildFile; fileRef = 0D4E297B24266AA60067A980 /* SFGCircularLoadingIndicatorTests.swift */; };
		0D4E2987242675CB0067A980 /* AnimationLayerBuilder.swift in Sources */ = {isa = PBXBuildFile; fileRef = 0D4E2986242675CB0067A980 /* AnimationLayerBuilder.swift */; };
/* End PBXBuildFile section */

/* Begin PBXContainerItemProxy section */
		0D4E297824266AA60067A980 /* PBXContainerItemProxy */ = {
			isa = PBXContainerItemProxy;
			containerPortal = 0D4E295924266AA30067A980 /* Project object */;
			proxyType = 1;
			remoteGlobalIDString = 0D4E296024266AA30067A980;
			remoteInfo = SFGCircularLoadingIndicator;
		};
/* End PBXContainerItemProxy section */

/* Begin PBXFileReference section */
		0D4E296124266AA40067A980 /* SFGCircularLoadingIndicator.app */ = {isa = PBXFileReference; explicitFileType = wrapper.application; includeInIndex = 0; path = SFGCircularLoadingIndicator.app; sourceTree = BUILT_PRODUCTS_DIR; };
		0D4E296424266AA40067A980 /* AppDelegate.swift */ = {isa = PBXFileReference; lastKnownFileType = sourcecode.swift; path = AppDelegate.swift; sourceTree = "<group>"; };
		0D4E296624266AA40067A980 /* SceneDelegate.swift */ = {isa = PBXFileReference; lastKnownFileType = sourcecode.swift; path = SceneDelegate.swift; sourceTree = "<group>"; };
		0D4E296824266AA40067A980 /* LoadingViewController.swift */ = {isa = PBXFileReference; lastKnownFileType = sourcecode.swift; path = LoadingViewController.swift; sourceTree = "<group>"; };
		0D4E296B24266AA40067A980 /* Base */ = {isa = PBXFileReference; lastKnownFileType = file.storyboard; name = Base; path = Base.lproj/Main.storyboard; sourceTree = "<group>"; };
		0D4E296D24266AA60067A980 /* Assets.xcassets */ = {isa = PBXFileReference; lastKnownFileType = folder.assetcatalog; path = Assets.xcassets; sourceTree = "<group>"; };
		0D4E297024266AA60067A980 /* Base */ = {isa = PBXFileReference; lastKnownFileType = file.storyboard; name = Base; path = Base.lproj/LaunchScreen.storyboard; sourceTree = "<group>"; };
		0D4E297224266AA60067A980 /* Info.plist */ = {isa = PBXFileReference; lastKnownFileType = text.plist.xml; path = Info.plist; sourceTree = "<group>"; };
		0D4E297724266AA60067A980 /* SFGCircularLoadingIndicatorTests.xctest */ = {isa = PBXFileReference; explicitFileType = wrapper.cfbundle; includeInIndex = 0; path = SFGCircularLoadingIndicatorTests.xctest; sourceTree = BUILT_PRODUCTS_DIR; };
		0D4E297B24266AA60067A980 /* SFGCircularLoadingIndicatorTests.swift */ = {isa = PBXFileReference; lastKnownFileType = sourcecode.swift; path = SFGCircularLoadingIndicatorTests.swift; sourceTree = "<group>"; };
		0D4E297D24266AA60067A980 /* Info.plist */ = {isa = PBXFileReference; lastKnownFileType = text.plist.xml; path = Info.plist; sourceTree = "<group>"; };
		0D4E2986242675CB0067A980 /* AnimationLayerBuilder.swift */ = {isa = PBXFileReference; lastKnownFileType = sourcecode.swift; path = AnimationLayerBuilder.swift; sourceTree = "<group>"; };
/* End PBXFileReference section */

/* Begin PBXFrameworksBuildPhase section */
		0D4E295E24266AA30067A980 /* Frameworks */ = {
			isa = PBXFrameworksBuildPhase;
			buildActionMask = 2147483647;
			files = (
			);
			runOnlyForDeploymentPostprocessing = 0;
		};
		0D4E297424266AA60067A980 /* Frameworks */ = {
			isa = PBXFrameworksBuildPhase;
			buildActionMask = 2147483647;
			files = (
			);
			runOnlyForDeploymentPostprocessing = 0;
		};
/* End PBXFrameworksBuildPhase section */

/* Begin PBXGroup section */
		0D4E295824266AA30067A980 = {
			isa = PBXGroup;
			children = (
				0D4E296324266AA40067A980 /* SFGCircularLoadingIndicator */,
				0D4E297A24266AA60067A980 /* SFGCircularLoadingIndicatorTests */,
				0D4E296224266AA40067A980 /* Products */,
			);
			sourceTree = "<group>";
		};
		0D4E296224266AA40067A980 /* Products */ = {
			isa = PBXGroup;
			children = (
				0D4E296124266AA40067A980 /* SFGCircularLoadingIndicator.app */,
				0D4E297724266AA60067A980 /* SFGCircularLoadingIndicatorTests.xctest */,
			);
			name = Products;
			sourceTree = "<group>";
		};
		0D4E296324266AA40067A980 /* SFGCircularLoadingIndicator */ = {
			isa = PBXGroup;
			children = (
				0D4E296424266AA40067A980 /* AppDelegate.swift */,
				0D4E296624266AA40067A980 /* SceneDelegate.swift */,
				0D4E296824266AA40067A980 /* LoadingViewController.swift */,
				0D4E296A24266AA40067A980 /* Main.storyboard */,
				0D4E2986242675CB0067A980 /* AnimationLayerBuilder.swift */,
				0D4E296D24266AA60067A980 /* Assets.xcassets */,
				0D4E296F24266AA60067A980 /* LaunchScreen.storyboard */,
				0D4E297224266AA60067A980 /* Info.plist */,
			);
			path = SFGCircularLoadingIndicator;
			sourceTree = "<group>";
		};
		0D4E297A24266AA60067A980 /* SFGCircularLoadingIndicatorTests */ = {
			isa = PBXGroup;
			children = (
				0D4E297B24266AA60067A980 /* SFGCircularLoadingIndicatorTests.swift */,
				0D4E297D24266AA60067A980 /* Info.plist */,
			);
			path = SFGCircularLoadingIndicatorTests;
			sourceTree = "<group>";
		};
/* End PBXGroup section */

/* Begin PBXNativeTarget section */
		0D4E296024266AA30067A980 /* SFGCircularLoadingIndicator */ = {
			isa = PBXNativeTarget;
			buildConfigurationList = 0D4E298024266AA60067A980 /* Build configuration list for PBXNativeTarget "SFGCircularLoadingIndicator" */;
			buildPhases = (
				0D4E295D24266AA30067A980 /* Sources */,
				0D4E295E24266AA30067A980 /* Frameworks */,
				0D4E295F24266AA30067A980 /* Resources */,
			);
			buildRules = (
			);
			dependencies = (
			);
			name = SFGCircularLoadingIndicator;
			productName = SFGCircularLoadingIndicator;
			productReference = 0D4E296124266AA40067A980 /* SFGCircularLoadingIndicator.app */;
			productType = "com.apple.product-type.application";
		};
		0D4E297624266AA60067A980 /* SFGCircularLoadingIndicatorTests */ = {
			isa = PBXNativeTarget;
			buildConfigurationList = 0D4E298324266AA60067A980 /* Build configuration list for PBXNativeTarget "SFGCircularLoadingIndicatorTests" */;
			buildPhases = (
				0D4E297324266AA60067A980 /* Sources */,
				0D4E297424266AA60067A980 /* Frameworks */,
				0D4E297524266AA60067A980 /* Resources */,
			);
			buildRules = (
			);
			dependencies = (
				0D4E297924266AA60067A980 /* PBXTargetDependency */,
			);
			name = SFGCircularLoadingIndicatorTests;
			productName = SFGCircularLoadingIndicatorTests;
			productReference = 0D4E297724266AA60067A980 /* SFGCircularLoadingIndicatorTests.xctest */;
			productType = "com.apple.product-type.bundle.unit-test";
		};
/* End PBXNativeTarget section */

/* Begin PBXProject section */
		0D4E295924266AA30067A980 /* Project object */ = {
			isa = PBXProject;
			attributes = {
				LastSwiftUpdateCheck = 1130;
				LastUpgradeCheck = 1130;
				ORGANIZATIONNAME = "Jon-Tait Beason";
				TargetAttributes = {
					0D4E296024266AA30067A980 = {
						CreatedOnToolsVersion = 11.3;
					};
					0D4E297624266AA60067A980 = {
						CreatedOnToolsVersion = 11.3;
						TestTargetID = 0D4E296024266AA30067A980;
					};
				};
			};
			buildConfigurationList = 0D4E295C24266AA30067A980 /* Build configuration list for PBXProject "SFGCircularLoadingIndicator" */;
			compatibilityVersion = "Xcode 9.3";
			developmentRegion = en;
			hasScannedForEncodings = 0;
			knownRegions = (
				en,
				Base,
			);
			mainGroup = 0D4E295824266AA30067A980;
			productRefGroup = 0D4E296224266AA40067A980 /* Products */;
			projectDirPath = "";
			projectRoot = "";
			targets = (
				0D4E296024266AA30067A980 /* SFGCircularLoadingIndicator */,
				0D4E297624266AA60067A980 /* SFGCircularLoadingIndicatorTests */,
			);
		};
/* End PBXProject section */

/* Begin PBXResourcesBuildPhase section */
		0D4E295F24266AA30067A980 /* Resources */ = {
			isa = PBXResourcesBuildPhase;
			buildActionMask = 2147483647;
			files = (
				0D4E297124266AA60067A980 /* LaunchScreen.storyboard in Resources */,
				0D4E296E24266AA60067A980 /* Assets.xcassets in Resources */,
				0D4E296C24266AA40067A980 /* Main.storyboard in Resources */,
			);
			runOnlyForDeploymentPostprocessing = 0;
		};
		0D4E297524266AA60067A980 /* Resources */ = {
			isa = PBXResourcesBuildPhase;
			buildActionMask = 2147483647;
			files = (
			);
			runOnlyForDeploymentPostprocessing = 0;
		};
/* End PBXResourcesBuildPhase section */

/* Begin PBXSourcesBuildPhase section */
		0D4E295D24266AA30067A980 /* Sources */ = {
			isa = PBXSourcesBuildPhase;
			buildActionMask = 2147483647;
			files = (
				0D4E296924266AA40067A980 /* LoadingViewController.swift in Sources */,
				0D4E296524266AA40067A980 /* AppDelegate.swift in Sources */,
				0D4E2987242675CB0067A980 /* AnimationLayerBuilder.swift in Sources */,
				0D4E296724266AA40067A980 /* SceneDelegate.swift in Sources */,
			);
			runOnlyForDeploymentPostprocessing = 0;
		};
		0D4E297324266AA60067A980 /* Sources */ = {
			isa = PBXSourcesBuildPhase;
			buildActionMask = 2147483647;
			files = (
				0D4E297C24266AA60067A980 /* SFGCircularLoadingIndicatorTests.swift in Sources */,
			);
			runOnlyForDeploymentPostprocessing = 0;
		};
/* End PBXSourcesBuildPhase section */

/* Begin PBXTargetDependency section */
		0D4E297924266AA60067A980 /* PBXTargetDependency */ = {
			isa = PBXTargetDependency;
			target = 0D4E296024266AA30067A980 /* SFGCircularLoadingIndicator */;
			targetProxy = 0D4E297824266AA60067A980 /* PBXContainerItemProxy */;
		};
/* End PBXTargetDependency section */

/* Begin PBXVariantGroup section */
		0D4E296A24266AA40067A980 /* Main.storyboard */ = {
			isa = PBXVariantGroup;
			children = (
				0D4E296B24266AA40067A980 /* Base */,
			);
			name = Main.storyboard;
			sourceTree = "<group>";
		};
		0D4E296F24266AA60067A980 /* LaunchScreen.storyboard */ = {
			isa = PBXVariantGroup;
			children = (
				0D4E297024266AA60067A980 /* Base */,
			);
			name = LaunchScreen.storyboard;
			sourceTree = "<group>";
		};
/* End PBXVariantGroup section */

/* Begin XCBuildConfiguration section */
		0D4E297E24266AA60067A980 /* Debug */ = {
			isa = XCBuildConfiguration;
			buildSettings = {
				ALWAYS_SEARCH_USER_PATHS = NO;
				CLANG_ANALYZER_NONNULL = YES;
				CLANG_ANALYZER_NUMBER_OBJECT_CONVERSION = YES_AGGRESSIVE;
				CLANG_CXX_LANGUAGE_STANDARD = "gnu++14";
				CLANG_CXX_LIBRARY = "libc++";
				CLANG_ENABLE_MODULES = YES;
				CLANG_ENABLE_OBJC_ARC = YES;
				CLANG_ENABLE_OBJC_WEAK = YES;
				CLANG_WARN_BLOCK_CAPTURE_AUTORELEASING = YES;
				CLANG_WARN_BOOL_CONVERSION = YES;
				CLANG_WARN_COMMA = YES;
				CLANG_WARN_CONSTANT_CONVERSION = YES;
				CLANG_WARN_DEPRECATED_OBJC_IMPLEMENTATIONS = YES;
				CLANG_WARN_DIRECT_OBJC_ISA_USAGE = YES_ERROR;
				CLANG_WARN_DOCUMENTATION_COMMENTS = YES;
				CLANG_WARN_EMPTY_BODY = YES;
				CLANG_WARN_ENUM_CONVERSION = YES;
				CLANG_WARN_INFINITE_RECURSION = YES;
				CLANG_WARN_INT_CONVERSION = YES;
				CLANG_WARN_NON_LITERAL_NULL_CONVERSION = YES;
				CLANG_WARN_OBJC_IMPLICIT_RETAIN_SELF = YES;
				CLANG_WARN_OBJC_LITERAL_CONVERSION = YES;
				CLANG_WARN_OBJC_ROOT_CLASS = YES_ERROR;
				CLANG_WARN_RANGE_LOOP_ANALYSIS = YES;
				CLANG_WARN_STRICT_PROTOTYPES = YES;
				CLANG_WARN_SUSPICIOUS_MOVE = YES;
				CLANG_WARN_UNGUARDED_AVAILABILITY = YES_AGGRESSIVE;
				CLANG_WARN_UNREACHABLE_CODE = YES;
				CLANG_WARN__DUPLICATE_METHOD_MATCH = YES;
				COPY_PHASE_STRIP = NO;
				DEBUG_INFORMATION_FORMAT = dwarf;
				ENABLE_STRICT_OBJC_MSGSEND = YES;
				ENABLE_TESTABILITY = YES;
				GCC_C_LANGUAGE_STANDARD = gnu11;
				GCC_DYNAMIC_NO_PIC = NO;
				GCC_NO_COMMON_BLOCKS = YES;
				GCC_OPTIMIZATION_LEVEL = 0;
				GCC_PREPROCESSOR_DEFINITIONS = (
					"DEBUG=1",
					"$(inherited)",
				);
				GCC_WARN_64_TO_32_BIT_CONVERSION = YES;
				GCC_WARN_ABOUT_RETURN_TYPE = YES_ERROR;
				GCC_WARN_UNDECLARED_SELECTOR = YES;
				GCC_WARN_UNINITIALIZED_AUTOS = YES_AGGRESSIVE;
				GCC_WARN_UNUSED_FUNCTION = YES;
				GCC_WARN_UNUSED_VARIABLE = YES;
				IPHONEOS_DEPLOYMENT_TARGET = 13.2;
				MTL_ENABLE_DEBUG_INFO = INCLUDE_SOURCE;
				MTL_FAST_MATH = YES;
				ONLY_ACTIVE_ARCH = YES;
				SDKROOT = iphoneos;
				SWIFT_ACTIVE_COMPILATION_CONDITIONS = DEBUG;
				SWIFT_OPTIMIZATION_LEVEL = "-Onone";
			};
			name = Debug;
		};
		0D4E297F24266AA60067A980 /* Release */ = {
			isa = XCBuildConfiguration;
			buildSettings = {
				ALWAYS_SEARCH_USER_PATHS = NO;
				CLANG_ANALYZER_NONNULL = YES;
				CLANG_ANALYZER_NUMBER_OBJECT_CONVERSION = YES_AGGRESSIVE;
				CLANG_CXX_LANGUAGE_STANDARD = "gnu++14";
				CLANG_CXX_LIBRARY = "libc++";
				CLANG_ENABLE_MODULES = YES;
				CLANG_ENABLE_OBJC_ARC = YES;
				CLANG_ENABLE_OBJC_WEAK = YES;
				CLANG_WARN_BLOCK_CAPTURE_AUTORELEASING = YES;
				CLANG_WARN_BOOL_CONVERSION = YES;
				CLANG_WARN_COMMA = YES;
				CLANG_WARN_CONSTANT_CONVERSION = YES;
				CLANG_WARN_DEPRECATED_OBJC_IMPLEMENTATIONS = YES;
				CLANG_WARN_DIRECT_OBJC_ISA_USAGE = YES_ERROR;
				CLANG_WARN_DOCUMENTATION_COMMENTS = YES;
				CLANG_WARN_EMPTY_BODY = YES;
				CLANG_WARN_ENUM_CONVERSION = YES;
				CLANG_WARN_INFINITE_RECURSION = YES;
				CLANG_WARN_INT_CONVERSION = YES;
				CLANG_WARN_NON_LITERAL_NULL_CONVERSION = YES;
				CLANG_WARN_OBJC_IMPLICIT_RETAIN_SELF = YES;
				CLANG_WARN_OBJC_LITERAL_CONVERSION = YES;
				CLANG_WARN_OBJC_ROOT_CLASS = YES_ERROR;
				CLANG_WARN_RANGE_LOOP_ANALYSIS = YES;
				CLANG_WARN_STRICT_PROTOTYPES = YES;
				CLANG_WARN_SUSPICIOUS_MOVE = YES;
				CLANG_WARN_UNGUARDED_AVAILABILITY = YES_AGGRESSIVE;
				CLANG_WARN_UNREACHABLE_CODE = YES;
				CLANG_WARN__DUPLICATE_METHOD_MATCH = YES;
				COPY_PHASE_STRIP = NO;
				DEBUG_INFORMATION_FORMAT = "dwarf-with-dsym";
				ENABLE_NS_ASSERTIONS = NO;
				ENABLE_STRICT_OBJC_MSGSEND = YES;
				GCC_C_LANGUAGE_STANDARD = gnu11;
				GCC_NO_COMMON_BLOCKS = YES;
				GCC_WARN_64_TO_32_BIT_CONVERSION = YES;
				GCC_WARN_ABOUT_RETURN_TYPE = YES_ERROR;
				GCC_WARN_UNDECLARED_SELECTOR = YES;
				GCC_WARN_UNINITIALIZED_AUTOS = YES_AGGRESSIVE;
				GCC_WARN_UNUSED_FUNCTION = YES;
				GCC_WARN_UNUSED_VARIABLE = YES;
				IPHONEOS_DEPLOYMENT_TARGET = 13.2;
				MTL_ENABLE_DEBUG_INFO = NO;
				MTL_FAST_MATH = YES;
				SDKROOT = iphoneos;
				SWIFT_COMPILATION_MODE = wholemodule;
				SWIFT_OPTIMIZATION_LEVEL = "-O";
				VALIDATE_PRODUCT = YES;
			};
			name = Release;
		};
		0D4E298124266AA60067A980 /* Debug */ = {
			isa = XCBuildConfiguration;
			buildSettings = {
				ASSETCATALOG_COMPILER_APPICON_NAME = AppIcon;
				CODE_SIGN_STYLE = Automatic;
				INFOPLIST_FILE = SFGCircularLoadingIndicator/Info.plist;
				LD_RUNPATH_SEARCH_PATHS = (
					"$(inherited)",
					"@executable_path/Frameworks",
				);
				PRODUCT_BUNDLE_IDENTIFIER = Jazbo.SFGCircularLoadingIndicator;
				PRODUCT_NAME = "$(TARGET_NAME)";
				SWIFT_VERSION = 5.0;
				TARGETED_DEVICE_FAMILY = "1,2";
			};
			name = Debug;
		};
		0D4E298224266AA60067A980 /* Release */ = {
			isa = XCBuildConfiguration;
			buildSettings = {
				ASSETCATALOG_COMPILER_APPICON_NAME = AppIcon;
				CODE_SIGN_STYLE = Automatic;
				INFOPLIST_FILE = SFGCircularLoadingIndicator/Info.plist;
				LD_RUNPATH_SEARCH_PATHS = (
					"$(inherited)",
					"@executable_path/Frameworks",
				);
				PRODUCT_BUNDLE_IDENTIFIER = Jazbo.SFGCircularLoadingIndicator;
				PRODUCT_NAME = "$(TARGET_NAME)";
				SWIFT_VERSION = 5.0;
				TARGETED_DEVICE_FAMILY = "1,2";
			};
			name = Release;
		};
		0D4E298424266AA60067A980 /* Debug */ = {
			isa = XCBuildConfiguration;
			buildSettings = {
				ALWAYS_EMBED_SWIFT_STANDARD_LIBRARIES = YES;
				BUNDLE_LOADER = "$(TEST_HOST)";
				CODE_SIGN_STYLE = Automatic;
				INFOPLIST_FILE = SFGCircularLoadingIndicatorTests/Info.plist;
				IPHONEOS_DEPLOYMENT_TARGET = 13.2;
				LD_RUNPATH_SEARCH_PATHS = (
					"$(inherited)",
					"@executable_path/Frameworks",
					"@loader_path/Frameworks",
				);
				PRODUCT_BUNDLE_IDENTIFIER = Jazbo.SFGCircularLoadingIndicatorTests;
				PRODUCT_NAME = "$(TARGET_NAME)";
				SWIFT_VERSION = 5.0;
				TARGETED_DEVICE_FAMILY = "1,2";
				TEST_HOST = "$(BUILT_PRODUCTS_DIR)/SFGCircularLoadingIndicator.app/SFGCircularLoadingIndicator";
			};
			name = Debug;
		};
		0D4E298524266AA60067A980 /* Release */ = {
			isa = XCBuildConfiguration;
			buildSettings = {
				ALWAYS_EMBED_SWIFT_STANDARD_LIBRARIES = YES;
				BUNDLE_LOADER = "$(TEST_HOST)";
				CODE_SIGN_STYLE = Automatic;
				INFOPLIST_FILE = SFGCircularLoadingIndicatorTests/Info.plist;
				IPHONEOS_DEPLOYMENT_TARGET = 13.2;
				LD_RUNPATH_SEARCH_PATHS = (
					"$(inherited)",
					"@executable_path/Frameworks",
					"@loader_path/Frameworks",
				);
				PRODUCT_BUNDLE_IDENTIFIER = Jazbo.SFGCircularLoadingIndicatorTests;
				PRODUCT_NAME = "$(TARGET_NAME)";
				SWIFT_VERSION = 5.0;
				TARGETED_DEVICE_FAMILY = "1,2";
				TEST_HOST = "$(BUILT_PRODUCTS_DIR)/SFGCircularLoadingIndicator.app/SFGCircularLoadingIndicator";
			};
			name = Release;
		};
/* End XCBuildConfiguration section */

/* Begin XCConfigurationList section */
		0D4E295C24266AA30067A980 /* Build configuration list for PBXProject "SFGCircularLoadingIndicator" */ = {
			isa = XCConfigurationList;
			buildConfigurations = (
				0D4E297E24266AA60067A980 /* Debug */,
				0D4E297F24266AA60067A980 /* Release */,
			);
			defaultConfigurationIsVisible = 0;
			defaultConfigurationName = Release;
		};
		0D4E298024266AA60067A980 /* Build configuration list for PBXNativeTarget "SFGCircularLoadingIndicator" */ = {
			isa = XCConfigurationList;
			buildConfigurations = (
				0D4E298124266AA60067A980 /* Debug */,
				0D4E298224266AA60067A980 /* Release */,
			);
			defaultConfigurationIsVisible = 0;
			defaultConfigurationName = Release;
		};
		0D4E298324266AA60067A980 /* Build configuration list for PBXNativeTarget "SFGCircularLoadingIndicatorTests" */ = {
			isa = XCConfigurationList;
			buildConfigurations = (
				0D4E298424266AA60067A980 /* Debug */,
				0D4E298524266AA60067A980 /* Release */,
			);
			defaultConfigurationIsVisible = 0;
			defaultConfigurationName = Release;
		};
/* End XCConfigurationList section */
	};
	rootObject = 0D4E295924266AA30067A980 /* Project object */;
}
